
Microsoft Visual Studio Solution File, Format Version 12.00
# Visual Studio Version 17
VisualStudioVersion = 17.5.33627.172
MinimumVisualStudioVersion = 10.0.40219.1
Project("{9A19103F-16F7-4668-BE54-9A1E7A4F7556}") = "ElectricitydataStore", "ElectricitydataStore.csproj", "{39EE5693-478F-46E7-95B9-E6DF5304B3CF}"
EndProject
Project("{FAE04EC0-301F-11D3-BF4B-00C04F79EFBC}") = "CsvReaderTests", "CsvReaderTests\CsvReaderTests.csproj", "{2B4EA27D-E4FC-4F2A-9A69-54FDBCC67458}"
EndProject
Global
	GlobalSection(SolutionConfigurationPlatforms) = preSolution
		Debug|Any CPU = Debug|Any CPU
		Release|Any CPU = Release|Any CPU
	EndGlobalSection
	GlobalSection(ProjectConfigurationPlatforms) = postSolution
		{39EE5693-478F-46E7-95B9-E6DF5304B3CF}.Debug|Any CPU.ActiveCfg = Debug|Any CPU
		{39EE5693-478F-46E7-95B9-E6DF5304B3CF}.Debug|Any CPU.Build.0 = Debug|Any CPU
		{39EE5693-478F-46E7-95B9-E6DF5304B3CF}.Release|Any CPU.ActiveCfg = Release|Any CPU
		{39EE5693-478F-46E7-95B9-E6DF5304B3CF}.Release|Any CPU.Build.0 = Release|Any CPU
		{2B4EA27D-E4FC-4F2A-9A69-54FDBCC67458}.Debug|Any CPU.ActiveCfg = Debug|Any CPU
		{2B4EA27D-E4FC-4F2A-9A69-54FDBCC67458}.Debug|Any CPU.Build.0 = Debug|Any CPU
		{2B4EA27D-E4FC-4F2A-9A69-54FDBCC67458}.Release|Any CPU.ActiveCfg = Release|Any CPU
		{2B4EA27D-E4FC-4F2A-9A69-54FDBCC67458}.Release|Any CPU.Build.0 = Release|Any CPU
	EndGlobalSection
	GlobalSection(SolutionProperties) = preSolution
		HideSolutionNode = FALSE
	EndGlobalSection
	GlobalSection(ExtensibilityGlobals) = postSolution
		SolutionGuid = {2A183B6D-8BC5-4EBF-A020-F782FD05B8A6}
	EndGlobalSection
EndGlobal
